Microsoft Visual Studio Solution File, Format Version 12.00
# Visual Studio Version 17
VisualStudioVersion = 17.5.2.0
MinimumVisualStudioVersion = 10.0.40219.1
Project("{FAE04EC0-301F-11D3-BF4B-00C04F79EFBC}") = "Auto_Uploader", "Auto_Uploader.csproj", "{8DCEC13B-2D3E-8C4C-471F-6322C23D9176}"
EndProject
Global
	GlobalSection(SolutionConfigurationPlatforms) = preSolution
		Debug|Any CPU = Debug|Any CPU
		Release|Any CPU = Release|Any CPU
		Release|x64 = Release|x64
	EndGlobalSection
	GlobalSection(ProjectConfigurationPlatforms) = postSolution
		{8DCEC13B-2D3E-8C4C-471F-6322C23D9176}.Debug|Any CPU.ActiveCfg = Debug|Any CPU
		{8DCEC13B-2D3E-8C4C-471F-6322C23D9176}.Debug|Any CPU.Build.0 = Debug|Any CPU
		{8DCEC13B-2D3E-8C4C-471F-6322C23D9176}.Release|Any CPU.ActiveCfg = Release|Any CPU
		{8DCEC13B-2D3E-8C4C-471F-6322C23D9176}.Release|Any CPU.Build.0 = Release|Any CPU
		{8DCEC13B-2D3E-8C4C-471F-6322C23D9176}.Release|x64.ActiveCfg = Release|Any CPU
		{8DCEC13B-2D3E-8C4C-471F-6322C23D9176}.Release|x64.Build.0 = Release|Any CPU

	EndGlobalSection
	GlobalSection(SolutionProperties) = preSolution
		HideSolutionNode = FALSE
	EndGlobalSection
	GlobalSection(ExtensibilityGlobals) = postSolution
		SolutionGuid = {80B75453-3EF3-456E-8938-95986DFAFF22}
	EndGlobalSection
EndGlobal
